<?xml version="1.0" encoding="utf-8"?>
<Project ToolsVersion="4.0" xmlns="http://schemas.microsoft.com/developer/msbuild/2003">
  <ItemGroup>
    <Filter Include="소스 파일">
      <UniqueIdentifier>{4FC737F1-C7A5-4376-A066-2A32D752A2FF}</UniqueIdentifier>
      <Extensions>cpp;c;cc;cxx;def;odl;idl;hpj;bat;asm;asmx</Extensions>
    </Filter>
    <Filter Include="헤더 파일">
      <UniqueIdentifier>{93995380-89BD-4b04-88EB-625FBE52EBFB}</UniqueIdentifier>
      <Extensions>h;hh;hpp;hxx;hm;inl;inc;xsd</Extensions>
    </Filter>
    <Filter Include="리소스 파일">
      <UniqueIdentifier>{67DA6AB6-F800-4c08-8B7A-83BB121AAD01}</UniqueIdentifier>
      <Extensions>rc;ico;cur;bmp;dlg;rc2;rct;bin;rgs;gif;jpg;jpeg;jpe;resx;tiff;tif;png;wav;mfcribbon-ms</Extensions>
    </Filter>
    <Filter Include="00. MainApp">
      <UniqueIdentifier>{4ae978a9-9eaa-4fbd-a172-a087d0a17d27}</UniqueIdentifier>
    </Filter>
    <Filter Include="01. Scene">
      <UniqueIdentifier>{e77dec83-b28c-45a7-8a61-091430f38a67}</UniqueIdentifier>
    </Filter>
    <Filter Include="01. Scene\00. Logo">
      <UniqueIdentifier>{178dc53e-edc9-41c8-bcce-5adf592f8322}</UniqueIdentifier>
    </Filter>
    <Filter Include="02. GameObject">
      <UniqueIdentifier>{b9328527-1891-4c78-b6fb-acffe510992c}</UniqueIdentifier>
    </Filter>
    <Filter Include="01. Scene\01. Stage">
      <UniqueIdentifier>{fc095743-119a-4028-80d8-9edcfed409a6}</UniqueIdentifier>
    </Filter>
    <Filter Include="01. Scene\02. Loading">
      <UniqueIdentifier>{171166f6-c6c9-4809-9b50-9ba3511144ea}</UniqueIdentifier>
    </Filter>
    <Filter Include="02. GameObject\01. Unit">
      <UniqueIdentifier>{9b5ca596-cd00-4a5d-ab9c-4174e41789b0}</UniqueIdentifier>
    </Filter>
    <Filter Include="01. Scene\03. UI">
      <UniqueIdentifier>{73c6059c-b0b0-48ab-ba48-db6bbc94e26c}</UniqueIdentifier>
    </Filter>
    <Filter Include="02. GameObject\01. Unit\1. Player">
      <UniqueIdentifier>{bc0ac8bd-4f3c-451a-8bc9-b114015fcac7}</UniqueIdentifier>
    </Filter>
    <Filter Include="02. GameObject\01. Unit\2. Monster">
      <UniqueIdentifier>{ca20878f-440d-4f76-8475-43445d0d468e}</UniqueIdentifier>
    </Filter>
    <Filter Include="01. Scene\00. Logo\TitleLogo">
      <UniqueIdentifier>{b7dbd553-426e-4b8a-be54-78c84d2dcda3}</UniqueIdentifier>
    </Filter>
    <Filter Include="02. GameObject\01. Unit\2. Monster\2. Gray">
      <UniqueIdentifier>{b4564e30-93d5-4921-aece-d6c92f134a71}</UniqueIdentifier>
    </Filter>
    <Filter Include="02. GameObject\01. Unit\2. Monster\3. Boss">
      <UniqueIdentifier>{0892c965-3e19-4427-9a57-578fe6b596b1}</UniqueIdentifier>
    </Filter>
    <Filter Include="02. GameObject\01. Unit\2. Monster\1. Brown">
      <UniqueIdentifier>{87d5e720-2bd3-483a-b7e8-6547cbc4e5de}</UniqueIdentifier>
    </Filter>
    <Filter Include="02. GameObject\99. Camera">
      <UniqueIdentifier>{0797d297-9d79-482d-a140-a0eeed17df7c}</UniqueIdentifier>
    </Filter>
    <Filter Include="02. GameObject\98. SkyBox">
      <UniqueIdentifier>{a9160d5a-8cce-47e1-9945-51c70300831b}</UniqueIdentifier>
    </Filter>
    <Filter Include="02. GameObject\97. Background">
      <UniqueIdentifier>{d35c5bcf-69e7-4085-984f-bd63dd96fcf2}</UniqueIdentifier>
    </Filter>
    <Filter Include="02. GameObject\96. BlackBoardMgr">
      <UniqueIdentifier>{5df87e8e-e025-480d-a666-568b962d64c9}</UniqueIdentifier>
    </Filter>
    <Filter Include="02. GameObject\96. BlackBoardMgr\00. BlackBoard">
      <UniqueIdentifier>{607f2415-f271-4a94-b809-d62fe68ca80a}</UniqueIdentifier>
    </Filter>
    <Filter Include="02. GameObject\02. AceObjectFactory">
      <UniqueIdentifier>{5e61b933-9702-4f06-a920-205389efb9c6}</UniqueIdentifier>
    </Filter>
    <Filter Include="02. GameObject\02. AceObjectFactory\02. Ace_Throw">
      <UniqueIdentifier>{6e596035-6b1e-41fb-ba9a-b9f1bc6013d6}</UniqueIdentifier>
    </Filter>
    <Filter Include="02. GameObject\02. AceObjectFactory\01. Ace_Weapon">
      <UniqueIdentifier>{54cb2c41-b362-4f49-a71b-ee5222bd28c0}</UniqueIdentifier>
    </Filter>
    <Filter Include="02. GameObject\02. AceObjectFactory\00. Ace_Food">
      <UniqueIdentifier>{8b0db644-e262-44d7-b6a1-4b79dd271bf1}</UniqueIdentifier>
    </Filter>
    <Filter Include="02. GameObject\02. AceObjectFactory\03. Ace_Interaction">
      <UniqueIdentifier>{4229125e-a6f5-44e9-937f-86a8eac35fab}</UniqueIdentifier>
    </Filter>
    <Filter Include="02. GameObject\03. Lighter">
      <UniqueIdentifier>{e350700e-8895-4112-89d7-93342261724e}</UniqueIdentifier>
    </Filter>
    <Filter Include="02. GameObject\04. Particle">
      <UniqueIdentifier>{3f2cfdea-5e85-4333-874f-bc9351297fed}</UniqueIdentifier>
    </Filter>
    <Filter Include="02. GameObject\04. Particle\00. Snow">
      <UniqueIdentifier>{a8602073-922e-4493-ad1c-9fc6fabd3a13}</UniqueIdentifier>
    </Filter>
    <Filter Include="02. GameObject\03. Lighter\00. PlayerLighter">
      <UniqueIdentifier>{aa69537c-df32-4a2e-b2c2-06149ae88894}</UniqueIdentifier>
    </Filter>
    <Filter Include="02. GameObject\04. Particle\01. FireWork">
      <UniqueIdentifier>{8ab2be83-6fa5-4fde-9971-970b4bffbbeb}</UniqueIdentifier>
    </Filter>
  </ItemGroup>
  <ItemGroup>
    <ClInclude Include="Include\targetver.h">
      <Filter>헤더 파일</Filter>
    </ClInclude>
    <ClInclude Include="Include\Client.h">
      <Filter>헤더 파일</Filter>
    </ClInclude>
    <ClInclude Include="Include\Resource.h">
      <Filter>헤더 파일</Filter>
    </ClInclude>
    <ClInclude Include="Include\stdafx.h">
      <Filter>헤더 파일</Filter>
    </ClInclude>
    <ClInclude Include="Header\MainApp.h">
      <Filter>00. MainApp</Filter>
    </ClInclude>
    <ClInclude Include="Header\Logo.h">
      <Filter>01. Scene\00. Logo</Filter>
    </ClInclude>
    <ClInclude Include="Header\Loading.h">
      <Filter>01. Scene\02. Loading</Filter>
    </ClInclude>
    <ClInclude Include="Header\Stage.h">
      <Filter>01. Scene\01. Stage</Filter>
    </ClInclude>
    <ClInclude Include="Header\BackGround.h">
      <Filter>02. GameObject\97. Background</Filter>
    </ClInclude>
    <ClInclude Include="Header\Terrain.h">
      <Filter>02. GameObject\97. Background</Filter>
    </ClInclude>
    <ClInclude Include="Header\DynamicCamera.h">
      <Filter>02. GameObject\99. Camera</Filter>
    </ClInclude>
    <ClInclude Include="Header\SkyBox.h">
      <Filter>02. GameObject\98. SkyBox</Filter>
    </ClInclude>
    <ClInclude Include="Header\Player.h">
      <Filter>02. GameObject\01. Unit\1. Player</Filter>
    </ClInclude>
    <ClInclude Include="Header\UI.h">
      <Filter>01. Scene\03. UI</Filter>
    </ClInclude>
    <ClInclude Include="Header\TitleLogo.h">
      <Filter>01. Scene\00. Logo\TitleLogo</Filter>
    </ClInclude>
    <ClInclude Include="Header\UI.h">
      <Filter>01. Scene\03. UI</Filter>
    </ClInclude>
    <ClInclude Include="Header\Gray.h">
      <Filter>02. GameObject\01. Unit\2. Monster\2. Gray</Filter>
    </ClInclude>
    <ClInclude Include="Header\Boss.h">
      <Filter>02. GameObject\01. Unit\2. Monster\3. Boss</Filter>
    </ClInclude>
    <ClInclude Include="Header\Brown.h">
      <Filter>02. GameObject\01. Unit\2. Monster\1. Brown</Filter>
    </ClInclude>
    <ClInclude Include="Header\BlackBoard.h">
      <Filter>02. GameObject\96. BlackBoardMgr\00. BlackBoard</Filter>
    </ClInclude>
    <ClInclude Include="Header\BlackBoardMgr.h">
      <Filter>02. GameObject\96. BlackBoardMgr</Filter>
    </ClInclude>
    <ClInclude Include="Header\AceFood.h">
      <Filter>02. GameObject\02. AceObjectFactory\00. Ace_Food</Filter>
    </ClInclude>
    <ClInclude Include="Header\AceObjectFactory.h">
      <Filter>02. GameObject\02. AceObjectFactory</Filter>
    </ClInclude>
    <ClInclude Include="Header\AceWeapon.h">
      <Filter>02. GameObject\02. AceObjectFactory\01. Ace_Weapon</Filter>
    </ClInclude>
    <ClInclude Include="Header\AceThrow.h">
      <Filter>02. GameObject\02. AceObjectFactory\02. Ace_Throw</Filter>
    </ClInclude>
    <ClInclude Include="Header\AceInteraction.h">
      <Filter>02. GameObject\02. AceObjectFactory\03. Ace_Interaction</Filter>
    </ClInclude>
    <ClInclude Include="SnowParticle.h">
      <Filter>02. GameObject\04. Particle\00. Snow</Filter>
    </ClInclude>
    <ClInclude Include="Header\PlayerLighter.h">
      <Filter>02. GameObject\03. Lighter\00. PlayerLighter</Filter>
    </ClInclude>
    <ClInclude Include="FireWork.h">
      <Filter>02. GameObject\04. Particle\01. FireWork</Filter>
    </ClInclude>
  </ItemGroup>
  <ItemGroup>
    <ClCompile Include="Include\Client.cpp">
      <Filter>소스 파일</Filter>
    </ClCompile>
    <ClCompile Include="Include\stdafx.cpp">
      <Filter>소스 파일</Filter>
    </ClCompile>
    <ClCompile Include="Code\MainApp.cpp">
      <Filter>00. MainApp</Filter>
    </ClCompile>
    <ClCompile Include="Code\Logo.cpp">
      <Filter>01. Scene\00. Logo</Filter>
    </ClCompile>
    <ClCompile Include="Code\Loading.cpp">
      <Filter>01. Scene\02. Loading</Filter>
    </ClCompile>
    <ClCompile Include="Code\Stage.cpp">
      <Filter>01. Scene\01. Stage</Filter>
    </ClCompile>
    <ClCompile Include="Code\Terrain.cpp">
      <Filter>02. GameObject\97. Background</Filter>
    </ClCompile>
    <ClCompile Include="Code\BackGround.cpp">
      <Filter>02. GameObject\97. Background</Filter>
    </ClCompile>
    <ClCompile Include="Code\DynamicCamera.cpp">
      <Filter>02. GameObject\99. Camera</Filter>
    </ClCompile>
    <ClCompile Include="Code\SkyBox.cpp">
      <Filter>02. GameObject\98. SkyBox</Filter>
    </ClCompile>
    <ClCompile Include="Code\UI.cpp">
      <Filter>01. Scene\03. UI</Filter>
    </ClCompile>
    <ClCompile Include="Code\TitleLogo.cpp">
      <Filter>01. Scene\00. Logo\TitleLogo</Filter>
    </ClCompile>
    <ClCompile Include="Code\UI.cpp">
      <Filter>01. Scene\03. UI</Filter>
    </ClCompile>
    <ClCompile Include="Code\Gray.cpp">
      <Filter>02. GameObject\01. Unit\2. Monster\2. Gray</Filter>
    </ClCompile>
    <ClCompile Include="Code\Boss.cpp">
      <Filter>02. GameObject\01. Unit\2. Monster\3. Boss</Filter>
    </ClCompile>
    <ClCompile Include="Code\Brown.cpp">
      <Filter>02. GameObject\01. Unit\2. Monster\1. Brown</Filter>
    </ClCompile>
    <ClCompile Include="Code\TitleLogo.cpp">
      <Filter>01. Scene\00. Logo\TitleLogo</Filter>
    </ClCompile>
    <ClCompile Include="Code\Player.cpp">
      <Filter>02. GameObject\01. Unit\1. Player</Filter>
    </ClCompile>
    <ClCompile Include="Code\BlackBoard.cpp">
      <Filter>02. GameObject\96. BlackBoardMgr\00. BlackBoard</Filter>
    </ClCompile>
    <ClCompile Include="Code\BlackBoardMgr.cpp">
      <Filter>02. GameObject\96. BlackBoardMgr</Filter>
    </ClCompile>
    <ClCompile Include="Code\AceFood.cpp">
      <Filter>02. GameObject\02. AceObjectFactory\00. Ace_Food</Filter>
    </ClCompile>
    <ClCompile Include="Code\AceObjectFactory.cpp">
      <Filter>02. GameObject\02. AceObjectFactory</Filter>
    </ClCompile>
    <ClCompile Include="Code\AceWeapon.cpp">
      <Filter>02. GameObject\02. AceObjectFactory\01. Ace_Weapon</Filter>
    </ClCompile>
    <ClCompile Include="Code\AceThrow.cpp">
      <Filter>02. GameObject\02. AceObjectFactory\02. Ace_Throw</Filter>
    </ClCompile>
    <ClCompile Include="Code\AceInteraction.cpp">
      <Filter>02. GameObject\02. AceObjectFactory\03. Ace_Interaction</Filter>
    </ClCompile>
    <ClCompile Include="SnowParticle.cpp">
      <Filter>02. GameObject\04. Particle\00. Snow</Filter>
    </ClCompile>
    <ClCompile Include="Code\PlayerLighter.cpp">
      <Filter>02. GameObject\03. Lighter\00. PlayerLighter</Filter>
    </ClCompile>
    <ClCompile Include="FireWork.cpp">
      <Filter>02. GameObject\04. Particle\01. FireWork</Filter>
    </ClCompile>
  </ItemGroup>
  <ItemGroup>
    <Image Include="Include\Client.ico">
      <Filter>리소스 파일</Filter>
    </Image>
    <Image Include="Include\small.ico">
      <Filter>리소스 파일</Filter>
    </Image>
  </ItemGroup>
  <ItemGroup>
    <ResourceCompile Include="Include\Client.rc">
      <Filter>리소스 파일</Filter>
    </ResourceCompile>
  </ItemGroup>
  <ItemGroup>
    <Text Include="Include\ReadMe.txt" />
  </ItemGroup>
</Project>