<?xml version="1.0" encoding="utf-8"?>
<Project ToolsVersion="4.0" xmlns="http://schemas.microsoft.com/developer/msbuild/2003">
  <ItemGroup>
    <ClInclude Include="Header\Component\Component.h">
      <Filter>01. Component</Filter>
    </ClInclude>
    <ClInclude Include="Header\GameObject.h">
      <Filter>00. BaseClass\04. GameObject</Filter>
    </ClInclude>
    <ClInclude Include="Header\Layer.h">
      <Filter>00. BaseClass\03. Layer</Filter>
    </ClInclude>
    <ClInclude Include="Header\Management.h">
      <Filter>00. BaseClass\01. Management</Filter>
    </ClInclude>
    <ClInclude Include="Header\Scene.h">
      <Filter>00. BaseClass\02. Scene</Filter>
    </ClInclude>
    <ClInclude Include="Header\Component\VIBufferComp.h">
      <Filter>01. Component\01. VertexBuffer</Filter>
    </ClInclude>
    <ClInclude Include="Header\Component\TriColorComp.h">
      <Filter>01. Component\01. VertexBuffer</Filter>
    </ClInclude>
    <ClInclude Include="Header\Component\RcColorComp.h">
      <Filter>01. Component\01. VertexBuffer</Filter>
    </ClInclude>
    <ClInclude Include="Header\ProtoMgr.h">
      <Filter>02. ProtoMgr</Filter>
    </ClInclude>
    <ClInclude Include="Header\Component\RcBufferComp.h">
      <Filter>01. Component\01. VertexBuffer</Filter>
    </ClInclude>
    <ClInclude Include="Header\Component\TransformComponent.h">
      <Filter>01. Component\02. Transform</Filter>
    </ClInclude>
    <ClInclude Include="Header\Component\TextureComponent.h">
      <Filter>01. Component\03. Texture</Filter>
    </ClInclude>
    <ClInclude Include="Header\Component\TerrainBufferComp.h">
      <Filter>01. Component\04. Terrain</Filter>
    </ClInclude>
    <ClInclude Include="Header\Renderer.h">
      <Filter>03. Renderer</Filter>
    </ClInclude>
    <ClInclude Include="Header\Component\CameraComponent.h">
      <Filter>01. Component\05. Camera</Filter>
    </ClInclude>
    <ClInclude Include="Header\Camera.h">
      <Filter>00. BaseClass\04. GameObject\01. Camera</Filter>
    </ClInclude>
    <ClInclude Include="Header\Component\CalculatorComponent.h">
      <Filter>01. Component\07. Calculator</Filter>
    </ClInclude>
    <ClInclude Include="Header\Component\CubeBufferComp.h">
      <Filter>01. Component\06. CubeTexComponent</Filter>
    </ClInclude>
    <ClInclude Include="Header\LightMgr.h">
      <Filter>04. LightMgr</Filter>
    </ClInclude>
    <ClInclude Include="Header\Light.h">
      <Filter>04. LightMgr</Filter>
    </ClInclude>
    <ClInclude Include="Header\Component\ColliderComponent.h">
      <Filter>01. Component\08. Collider</Filter>
    </ClInclude>
    <ClInclude Include="Header\Data\PHY_Shape.h">
      <Filter>01. Component\08. Collider\Data</Filter>
    </ClInclude>
    <ClInclude Include="Header\Data\PHY_Sphere.h">
      <Filter>01. Component\08. Collider\Data</Filter>
    </ClInclude>
    <ClInclude Include="Header\Component\MeshColComp.h">
      <Filter>01. Component\01. VertexBuffer</Filter>
    </ClInclude>
    <ClInclude Include="Header\Component\GameObjComponent.h">
      <Filter>01. Component\GameObjComponent</Filter>
    </ClInclude>
    <ClInclude Include="Header\Component\SceneComponent.h">
      <Filter>01. Component\98. SceneComponent</Filter>
    </ClInclude>
    <ClInclude Include="Header\Component\SphereColComp.h">
      <Filter>01. Component\08. Collider\01. SphereColComp</Filter>
    </ClInclude>
    <ClInclude Include="Header\Data\PHY_Box.h">
      <Filter>01. Component\08. Collider\Data</Filter>
    </ClInclude>
    <ClInclude Include="Header\Data\PHY_Capsule.h">
      <Filter>01. Component\08. Collider\Data</Filter>
    </ClInclude>
    <ClInclude Include="..\Header\Export_Utility.h">
      <Filter>99. Export</Filter>
    </ClInclude>
    <ClInclude Include="Header\TextureMgr.h">
      <Filter>06. TextureMgr</Filter>
    </ClInclude>
    <ClInclude Include="Header\Data\Texture.h">
      <Filter>06. TextureMgr\Data</Filter>
    </ClInclude>
    <ClInclude Include="Header\Data\MultiTexture.h">
      <Filter>06. TextureMgr\Data</Filter>
    </ClInclude>
    <ClInclude Include="Header\Data\SingleTexture.h">
      <Filter>06. TextureMgr\Data</Filter>
    </ClInclude>
    <ClInclude Include="Header\Data\MultiStateTexture.h">
      <Filter>06. TextureMgr\Data</Filter>
    </ClInclude>
    <ClInclude Include="Header\Data\SingleStateTexture.h">
      <Filter>06. TextureMgr\Data</Filter>
    </ClInclude>
    <ClInclude Include="Header\KeyMgr.h">
      <Filter>07. KeyMgr</Filter>
    </ClInclude>
    <ClInclude Include="Header\AStarMgr.h">
      <Filter>08. AstarMgr</Filter>
    </ClInclude>
    <ClInclude Include="Header\Physics\PhysicsCore.h" />
    <ClInclude Include="Header\Physics\PhysicsPrecision.h" />
    <ClInclude Include="Header\Physics\RigidBody.h" />
    <ClInclude Include="Header\Physics\CollisionPrimitive.h">
      <Filter>05. Physics\03. Collsion</Filter>
    </ClInclude>
    <ClInclude Include="Header\Physics\Collide.h">
      <Filter>05. Physics\03. Collsion\CollideTest</Filter>
    </ClInclude>
    <ClInclude Include="Header\Physics\RigidBody.h">
      <Filter>05. Physics\02. RigidBody</Filter>
    </ClInclude>
    <ClInclude Include="Header\Physics\PhysicsWorld3D.h">
      <Filter>05. Physics\00. PhysicsWorld3D</Filter>
    </ClInclude>
    <ClInclude Include="Header\Physics\PhysicsCore.h">
      <Filter>05. Physics\01. PhysicsCore</Filter>
    </ClInclude>
    <ClInclude Include="Header\Physics\PhysicsMgr.h">
      <Filter>05. Physics\00. PhysicsMgr</Filter>
    </ClInclude>
    <ClInclude Include="Header\Physics\PhysicsPrecision.h">
      <Filter>05. Physics</Filter>
    </ClInclude>
    <ClInclude Include="Header\Physics\ForceGenerator.h">
      <Filter>05. Physics\05. ForceGenerator</Filter>
    </ClInclude>
    <ClInclude Include="Header\Physics\ContactGen_Joint.h">
      <Filter>05. Physics\04. Contact\ContactGen_Joint</Filter>
    </ClInclude>
    <ClInclude Include="Header\Physics\Contact.h">
      <Filter>05. Physics\04. Contact</Filter>
    </ClInclude>
  </ItemGroup>
  <ItemGroup>
    <ClCompile Include="Code\Component\Component.cpp">
      <Filter>01. Component</Filter>
    </ClCompile>
    <ClCompile Include="Code\GameObject.cpp">
      <Filter>00. BaseClass\04. GameObject</Filter>
    </ClCompile>
    <ClCompile Include="Code\Layer.cpp">
      <Filter>00. BaseClass\03. Layer</Filter>
    </ClCompile>
    <ClCompile Include="Code\Management.cpp">
      <Filter>00. BaseClass\01. Management</Filter>
    </ClCompile>
    <ClCompile Include="Code\Scene.cpp">
      <Filter>00. BaseClass\02. Scene</Filter>
    </ClCompile>
    <ClCompile Include="Code\Component\VIBufferComp.cpp">
      <Filter>01. Component\01. VertexBuffer</Filter>
    </ClCompile>
    <ClCompile Include="Code\Component\TriColorComp.cpp">
      <Filter>01. Component\01. VertexBuffer</Filter>
    </ClCompile>
    <ClCompile Include="Code\Component\RcColorComp.cpp">
      <Filter>01. Component\01. VertexBuffer</Filter>
    </ClCompile>
    <ClCompile Include="Code\ProtoMgr.cpp">
      <Filter>02. ProtoMgr</Filter>
    </ClCompile>
    <ClCompile Include="Code\Component\RcBufferComp.cpp">
      <Filter>01. Component\01. VertexBuffer</Filter>
    </ClCompile>
    <ClCompile Include="Code\Component\TransformComponent.cpp">
      <Filter>01. Component\02. Transform</Filter>
    </ClCompile>
    <ClCompile Include="Code\Component\TextureComponent.cpp">
      <Filter>01. Component\03. Texture</Filter>
    </ClCompile>
    <ClCompile Include="Code\Component\TerrainBufferComp.cpp">
      <Filter>01. Component\04. Terrain</Filter>
    </ClCompile>
    <ClCompile Include="Code\Renderer.cpp">
      <Filter>03. Renderer</Filter>
    </ClCompile>
    <ClCompile Include="Code\Component\CameraComponent.cpp">
      <Filter>01. Component\05. Camera</Filter>
    </ClCompile>
    <ClCompile Include="Code\Camera.cpp">
      <Filter>00. BaseClass\04. GameObject\01. Camera</Filter>
    </ClCompile>
    <ClCompile Include="Code\Component\CalculatorComponent.cpp">
      <Filter>01. Component\07. Calculator</Filter>
    </ClCompile>
    <ClCompile Include="Code\Component\CubeBufferComp.cpp">
      <Filter>01. Component\06. CubeTexComponent</Filter>
    </ClCompile>
    <ClCompile Include="Code\Light.cpp">
      <Filter>04. LightMgr</Filter>
    </ClCompile>
    <ClCompile Include="Code\LightMgr.cpp">
      <Filter>04. LightMgr</Filter>
    </ClCompile>
    <ClCompile Include="Code\Component\ColliderComponent.cpp">
      <Filter>01. Component\08. Collider</Filter>
    </ClCompile>
    <ClCompile Include="Code\Data\PHY_Shape.cpp">
      <Filter>01. Component\08. Collider\Data</Filter>
    </ClCompile>
    <ClCompile Include="Code\Data\PHY_Sphere.cpp">
      <Filter>01. Component\08. Collider\Data</Filter>
    </ClCompile>
    <ClCompile Include="Code\Component\MeshColComp.cpp">
      <Filter>01. Component\01. VertexBuffer</Filter>
    </ClCompile>
    <ClCompile Include="Code\Component\GameObjComponent.cpp">
      <Filter>01. Component\GameObjComponent</Filter>
    </ClCompile>
    <ClCompile Include="Code\Component\SceneComponent.cpp">
      <Filter>01. Component\98. SceneComponent</Filter>
    </ClCompile>
    <ClCompile Include="Code\Component\SphereColComp.cpp">
      <Filter>01. Component\08. Collider\01. SphereColComp</Filter>
    </ClCompile>
    <ClCompile Include="Code\Data\PHY_Box.cpp">
      <Filter>01. Component\08. Collider\Data</Filter>
    </ClCompile>
    <ClCompile Include="Code\Data\PHY_Capsule.cpp">
      <Filter>01. Component\08. Collider\Data</Filter>
    </ClCompile>
    <ClCompile Include="Code\TextureMgr.cpp">
      <Filter>06. TextureMgr</Filter>
    </ClCompile>
    <ClCompile Include="Code\Data\Texture.cpp">
      <Filter>06. TextureMgr\Data</Filter>
    </ClCompile>
    <ClCompile Include="Code\Data\MultiTexture.cpp">
      <Filter>06. TextureMgr\Data</Filter>
    </ClCompile>
    <ClCompile Include="Code\Data\MultiStateTexture.cpp">
      <Filter>06. TextureMgr\Data</Filter>
    </ClCompile>
    <ClCompile Include="Code\Data\SingleTexture.cpp">
      <Filter>06. TextureMgr\Data</Filter>
    </ClCompile>
    <ClCompile Include="Code\Data\SingleStateTexture.cpp">
      <Filter>06. TextureMgr\Data</Filter>
    </ClCompile>
    <ClCompile Include="Code\KeyMgr.cpp">
      <Filter>07. KeyMgr</Filter>
    </ClCompile>
    <ClCompile Include="Code\AStarMgr.cpp">
      <Filter>08. AstarMgr</Filter>
    </ClCompile>
    <ClCompile Include="Code\Physics\PhysicsCore.cpp" />
    <ClCompile Include="Code\Physics\RigidBody.cpp" />
    <ClCompile Include="Code\Physics\CollisionPrimitive.cpp">
      <Filter>05. Physics\03. Collsion</Filter>
    </ClCompile>
    <ClCompile Include="Code\Physics\Collide.cpp">
      <Filter>05. Physics\03. Collsion\CollideTest</Filter>
    </ClCompile>
    <ClCompile Include="Code\Physics\RigidBody.cpp">
      <Filter>05. Physics\02. RigidBody</Filter>
    </ClCompile>
    <ClCompile Include="Code\Physics\PhysicsWorld3D.cpp">
      <Filter>05. Physics\00. PhysicsWorld3D</Filter>
    </ClCompile>
    <ClCompile Include="Code\Physics\PhysicsCore.cpp">
      <Filter>05. Physics\01. PhysicsCore</Filter>
    </ClCompile>
    <ClCompile Include="Code\Physics\PhysicsMgr.cpp">
      <Filter>05. Physics\00. PhysicsMgr</Filter>
    </ClCompile>
    <ClCompile Include="Code\Physics\ForceGenerator.cpp">
      <Filter>05. Physics\05. ForceGenerator</Filter>
    </ClCompile>
    <ClCompile Include="Code\Physics\ContactGen_Joint.cpp">
      <Filter>05. Physics\04. Contact\ContactGen_Joint</Filter>
    </ClCompile>
    <ClCompile Include="Code\Physics\Contact.cpp">
      <Filter>05. Physics\04. Contact</Filter>
    </ClCompile>
  </ItemGroup>
  <ItemGroup>
    <Filter Include="00. BaseClass">
      <UniqueIdentifier>{c758091d-3dbe-4a74-8a68-82b3cd120268}</UniqueIdentifier>
    </Filter>
    <Filter Include="00. BaseClass\01. Management">
      <UniqueIdentifier>{9cca821c-27d1-45ee-b70a-6ab80c487890}</UniqueIdentifier>
    </Filter>
    <Filter Include="00. BaseClass\02. Scene">
      <UniqueIdentifier>{e59199bd-9cf9-4247-b0d0-2e6a158cd469}</UniqueIdentifier>
    </Filter>
    <Filter Include="00. BaseClass\04. GameObject">
      <UniqueIdentifier>{42a2d6f2-35dc-48e7-b436-dd1febeb8f12}</UniqueIdentifier>
    </Filter>
    <Filter Include="00. BaseClass\03. Layer">
      <UniqueIdentifier>{ffd96591-8be7-4559-88bd-c2f34fc3050f}</UniqueIdentifier>
    </Filter>
    <Filter Include="01. Component">
      <UniqueIdentifier>{472303ad-ae55-40e0-8cf7-141b40ea9c89}</UniqueIdentifier>
    </Filter>
    <Filter Include="01. Component\01. VertexBuffer">
      <UniqueIdentifier>{f65417be-2530-4c10-a231-f9d02f4a0c13}</UniqueIdentifier>
    </Filter>
    <Filter Include="02. ProtoMgr">
      <UniqueIdentifier>{c61748bf-eba0-4c6a-803a-c54c506722fb}</UniqueIdentifier>
    </Filter>
    <Filter Include="01. Component\02. Transform">
      <UniqueIdentifier>{2ac1ead1-9fab-472a-9b95-eaaa701155d2}</UniqueIdentifier>
    </Filter>
    <Filter Include="01. Component\03. Texture">
      <UniqueIdentifier>{e71bdd4d-8261-4df7-b5f5-5072a3de1417}</UniqueIdentifier>
    </Filter>
    <Filter Include="01. Component\04. Terrain">
      <UniqueIdentifier>{8d7bb2ac-f5e5-4a8f-9193-015eaf9076de}</UniqueIdentifier>
    </Filter>
    <Filter Include="03. Renderer">
      <UniqueIdentifier>{321799d6-a3dc-49a7-80d1-b5147dfa81e3}</UniqueIdentifier>
    </Filter>
    <Filter Include="01. Component\05. Camera">
      <UniqueIdentifier>{e9632ee8-9de1-4e6d-9f50-94df50ebcb01}</UniqueIdentifier>
    </Filter>
    <Filter Include="00. BaseClass\04. GameObject\01. Camera">
      <UniqueIdentifier>{84fde0dd-0082-47f9-b47f-848dbb010ea8}</UniqueIdentifier>
    </Filter>
    <Filter Include="04. LightMgr">
      <UniqueIdentifier>{3de1a5f8-a9d8-452e-ba7a-c116bac13ffd}</UniqueIdentifier>
    </Filter>
    <Filter Include="01. Component\06. CubeTexComponent">
      <UniqueIdentifier>{7dec35d4-b42c-447c-8f0e-3fb00cd3db05}</UniqueIdentifier>
    </Filter>
    <Filter Include="01. Component\07. Calculator">
      <UniqueIdentifier>{23dc5bd6-cd33-43d2-8405-71498475db7a}</UniqueIdentifier>
    </Filter>
    <Filter Include="01. Component\08. Collider">
      <UniqueIdentifier>{40e01f3f-7ed4-4f53-b8c4-708e1e6fab22}</UniqueIdentifier>
    </Filter>
    <Filter Include="01. Component\08. Collider\Data">
      <UniqueIdentifier>{2785e3ef-9b36-4604-98a2-82a01b75c6cd}</UniqueIdentifier>
    </Filter>
    <Filter Include="01. Component\08. Collider\01. SphereColComp">
      <UniqueIdentifier>{a34ce4cc-9f76-49f9-82a7-77bc32698c4f}</UniqueIdentifier>
    </Filter>
    <Filter Include="01. Component\98. SceneComponent">
      <UniqueIdentifier>{3d5e8d31-3bd6-44e0-b5ef-64d33f492a05}</UniqueIdentifier>
    </Filter>
    <Filter Include="99. Export">
      <UniqueIdentifier>{dcf0380c-e58a-4616-a2ee-2647583f66e8}</UniqueIdentifier>
    </Filter>
    <Filter Include="01. Component\GameObjComponent">
      <UniqueIdentifier>{e39c65ab-0b43-4643-912d-01ef2ad0bde3}</UniqueIdentifier>
    </Filter>
    <Filter Include="06. TextureMgr">
      <UniqueIdentifier>{04b69a04-02c1-48aa-a601-4ff86af2de20}</UniqueIdentifier>
    </Filter>
    <Filter Include="06. TextureMgr\Data">
      <UniqueIdentifier>{c7c569ec-e70d-4c55-97e2-aa0fc5d75195}</UniqueIdentifier>
    </Filter>
    <Filter Include="07. KeyMgr">
      <UniqueIdentifier>{7b34aab6-bbab-45b8-bbbf-336b89122a44}</UniqueIdentifier>
    </Filter>
    <Filter Include="08. AstarMgr">
      <UniqueIdentifier>{8a9bd10f-83d1-42af-a5d0-caaa629566eb}</UniqueIdentifier>
    </Filter>
    <Filter Include="05. Physics">
      <UniqueIdentifier>{54cf8133-3766-4c64-b7c8-1f6b9f4db1a7}</UniqueIdentifier>
    </Filter>
    <Filter Include="05. Physics\00. PhysicsMgr">
      <UniqueIdentifier>{cc386f92-cc96-4e63-82a2-fe306aaeb2c3}</UniqueIdentifier>
    </Filter>
    <Filter Include="05. Physics\01. PhysicsCore">
      <UniqueIdentifier>{2a34c9e7-111e-4d50-95ff-8b14b1a55d02}</UniqueIdentifier>
    </Filter>
    <Filter Include="05. Physics\02. RigidBody">
      <UniqueIdentifier>{5580acae-4bae-4ff6-aab7-7a91b725fe2f}</UniqueIdentifier>
    </Filter>
    <Filter Include="05. Physics\03. Collsion">
      <UniqueIdentifier>{d2a24141-ddda-4631-8e96-3d1c632a9ab2}</UniqueIdentifier>
    </Filter>
    <Filter Include="05. Physics\03. Collsion\CollideTest">
      <UniqueIdentifier>{ce77d293-7c70-4712-9268-bc6da9e03995}</UniqueIdentifier>
    </Filter>
    <Filter Include="05. Physics\04. Contact">
      <UniqueIdentifier>{ef10bc60-1fef-4cc8-8a0a-8748b05f63c2}</UniqueIdentifier>
    </Filter>
    <Filter Include="05. Physics\00. PhysicsWorld3D">
      <UniqueIdentifier>{be0a5832-6978-429f-a421-a5e08b0c8865}</UniqueIdentifier>
    </Filter>
    <Filter Include="05. Physics\05. ForceGenerator">
      <UniqueIdentifier>{3bdc0e5c-636b-4bbb-bb85-a79be1ec622c}</UniqueIdentifier>
    </Filter>
    <Filter Include="05. Physics\04. Contact\ContactGen_Joint">
      <UniqueIdentifier>{5d2b6d2e-f797-4250-ab32-8d7d551c5887}</UniqueIdentifier>
    </Filter>
  </ItemGroup>
  <ItemGroup>
    <None Include="..\Header\Export_Utility.inl">
      <Filter>99. Export</Filter>
    </None>
  </ItemGroup>
</Project>